
Microsoft Visual Studio Solution File, Format Version 12.00
# Visual Studio Version 17
VisualStudioVersion = 17.8.34309.116
MinimumVisualStudioVersion = 10.0.40219.1
Project("{FAE04EC0-301F-11D3-BF4B-00C04F79EFBC}") = "WebAPI", "WebAPI\WebAPI.csproj", "{09547C80-861C-42EC-852E-F01011B6C81C}"
EndProject
Global
	GlobalSection(SolutionConfigurationPlatforms) = preSolution
		Debug|Any CPU = Debug|Any CPU
		Release|Any CPU = Release|Any CPU
	EndGlobalSection
	GlobalSection(ProjectConfigurationPlatforms) = postSolution
		{09547C80-861C-42EC-852E-F01011B6C81C}.Debug|Any CPU.ActiveCfg = Debug|Any CPU
		{09547C80-861C-42EC-852E-F01011B6C81C}.Debug|Any CPU.Build.0 = Debug|Any CPU
		{09547C80-861C-42EC-852E-F01011B6C81C}.Release|Any CPU.ActiveCfg = Release|Any CPU
		{09547C80-861C-42EC-852E-F01011B6C81C}.Release|Any CPU.Build.0 = Release|Any CPU
	EndGlobalSection
	GlobalSection(SolutionProperties) = preSolution
		HideSolutionNode = FALSE
	EndGlobalSection
	GlobalSection(ExtensibilityGlobals) = postSolution
		SolutionGuid = {605DB1DD-E37B-4088-9DD6-AB3EF94D4F9D}
	EndGlobalSection
EndGlobal
